<?xml version="1.0" encoding="utf-8"?>
<Project ToolsVersion="4.0" xmlns="http://schemas.microsoft.com/developer/msbuild/2003">
  <ItemGroup>
    <Filter Include="Source Files">
      <UniqueIdentifier>{4FC737F1-C7A5-4376-A066-2A32D752A2FF}</UniqueIdentifier>
      <Extensions>cpp;c;cc;cxx;def;odl;idl;hpj;bat;asm;asmx</Extensions>
    </Filter>
    <Filter Include="Header Files">
      <UniqueIdentifier>{93995380-89BD-4b04-88EB-625FBE52EBFB}</UniqueIdentifier>
      <Extensions>h;hh;hpp;hxx;hm;inl;inc;xsd</Extensions>
    </Filter>
    <Filter Include="Resource Files">
      <UniqueIdentifier>{67DA6AB6-F800-4c08-8B7A-83BB121AAD01}</UniqueIdentifier>
      <Extensions>rc;ico;cur;bmp;dlg;rc2;rct;bin;rgs;gif;jpg;jpeg;jpe;resx;tiff;tif;png;wav;mfcribbon-ms</Extensions>
    </Filter>
  </ItemGroup>
  <ItemGroup>
    <Text Include="ReadMe.txt" />
  </ItemGroup>
  <ItemGroup>
    <ClInclude Include="targetver.h">
      <Filter>Header Files</Filter>
    </ClInclude>
    <ClInclude Include="SRbasis.h">
      <Filter>Header Files</Filter>
    </ClInclude>
    <ClInclude Include="SRconstraint.h">
      <Filter>Header Files</Filter>
    </ClInclude>
    <ClInclude Include="SRcoord.h">
      <Filter>Header Files</Filter>
    </ClInclude>
    <ClInclude Include="SRedge.h">
      <Filter>Header Files</Filter>
    </ClInclude>
    <ClInclude Include="SRelement.h">
      <Filter>Header Files</Filter>
    </ClInclude>
    <ClInclude Include="SRface.h">
      <Filter>Header Files</Filter>
    </ClInclude>
    <ClInclude Include="SRforce.h">
      <Filter>Header Files</Filter>
    </ClInclude>
    <ClInclude Include="SRmachDep.h">
      <Filter>Header Files</Filter>
    </ClInclude>
    <ClInclude Include="SRmap.h">
      <Filter>Header Files</Filter>
    </ClInclude>
    <ClInclude Include="SRmaterial.h">
      <Filter>Header Files</Filter>
    </ClInclude>
    <ClInclude Include="SRmath.h">
      <Filter>Header Files</Filter>
    </ClInclude>
    <ClInclude Include="SRmodel.h">
      <Filter>Header Files</Filter>
    </ClInclude>
    <ClInclude Include="SRnode.h">
      <Filter>Header Files</Filter>
    </ClInclude>
    <ClInclude Include="SRpoundDefines.h">
      <Filter>Header Files</Filter>
    </ClInclude>
    <ClInclude Include="SRstring.h">
      <Filter>Header Files</Filter>
    </ClInclude>
    <ClInclude Include="SRutil.h">
      <Filter>Header Files</Filter>
    </ClInclude>
    <ClInclude Include="SRfile.h">
      <Filter>Header Files</Filter>
    </ClInclude>
  </ItemGroup>
  <ItemGroup>
    <ClCompile Include="SRbasis.cpp">
      <Filter>Source Files</Filter>
    </ClCompile>
    <ClCompile Include="SRbasisBrickWedge.cpp">
      <Filter>Source Files</Filter>
    </ClCompile>
    <ClCompile Include="SRconstraint.cpp">
      <Filter>Source Files</Filter>
    </ClCompile>
    <ClCompile Include="SRcoord.cpp">
      <Filter>Source Files</Filter>
    </ClCompile>
    <ClCompile Include="SRedge.cpp">
      <Filter>Source Files</Filter>
    </ClCompile>
    <ClCompile Include="SRelemBrickWedge.cpp">
      <Filter>Source Files</Filter>
    </ClCompile>
    <ClCompile Include="SRelement.cpp">
      <Filter>Source Files</Filter>
    </ClCompile>
    <ClCompile Include="SRface.cpp">
      <Filter>Source Files</Filter>
    </ClCompile>
    <ClCompile Include="SRfaceQuad.cpp">
      <Filter>Source Files</Filter>
    </ClCompile>
    <ClCompile Include="SRforce.cpp">
      <Filter>Source Files</Filter>
    </ClCompile>
    <ClCompile Include="SRmachDep.cpp">
      <Filter>Source Files</Filter>
    </ClCompile>
    <ClCompile Include="SRmap.cpp">
      <Filter>Source Files</Filter>
    </ClCompile>
    <ClCompile Include="SRmapBrickWedge.cpp">
      <Filter>Source Files</Filter>
    </ClCompile>
    <ClCompile Include="SRmaterial.cpp">
      <Filter>Source Files</Filter>
    </ClCompile>
    <ClCompile Include="SRmath.cpp">
      <Filter>Source Files</Filter>
    </ClCompile>
    <ClCompile Include="SRmodel.cpp">
      <Filter>Source Files</Filter>
    </ClCompile>
    <ClCompile Include="SRnode.cpp">
      <Filter>Source Files</Filter>
    </ClCompile>
    <ClCompile Include="SRstring.cpp">
      <Filter>Source Files</Filter>
    </ClCompile>
    <ClCompile Include="SRutil.cpp">
      <Filter>Source Files</Filter>
    </ClCompile>
    <ClCompile Include="SRfile.cpp">
      <Filter>Source Files</Filter>
    </ClCompile>
  </ItemGroup>
</Project>